<Solution>
  <Folder Name="/src/">
    <Project Path="src/instore_optima.Api/instore_optima.Api.csproj" />
    <Project Path="src/instore_optima.Application/instore_optima.Application.csproj" />
    <Project Path="src/instore_optima.Domain/instore_optima.Domain.csproj" />
    <Project Path="src/instore_optima.Infrastructure/instore_optima.Infrastructure.csproj" />
  </Folder>
</Solution>
